// !$*UTF8*$!
{
	archiveVersion = 1;
	classes = {
	};
	objectVersion = 50;
	objects = {

/* Begin PBXBuildFile section */
		802530EF268058ED00007317 /* UIViewController+Alert.swift in Sources */ = {isa = PBXBuildFile; fileRef = 802530EE268058ED00007317 /* UIViewController+Alert.swift */; };
		802530F12680690000007317 /* DetailViewController.swift in Sources */ = {isa = PBXBuildFile; fileRef = 802530F02680690000007317 /* DetailViewController.swift */; };
		805771AB267F1684004DFF10 /* AppDelegate.swift in Sources */ = {isa = PBXBuildFile; fileRef = 805771AA267F1684004DFF10 /* AppDelegate.swift */; };
		805771AD267F1684004DFF10 /* SceneDelegate.swift in Sources */ = {isa = PBXBuildFile; fileRef = 805771AC267F1684004DFF10 /* SceneDelegate.swift */; };
		805771B2267F1684004DFF10 /* Main.storyboard in Resources */ = {isa = PBXBuildFile; fileRef = 805771B0267F1684004DFF10 /* Main.storyboard */; };
		805771B4267F1685004DFF10 /* Assets.xcassets in Resources */ = {isa = PBXBuildFile; fileRef = 805771B3267F1685004DFF10 /* Assets.xcassets */; };
		805771B7267F1685004DFF10 /* LaunchScreen.storyboard in Resources */ = {isa = PBXBuildFile; fileRef = 805771B5267F1685004DFF10 /* LaunchScreen.storyboard */; };
		805771C0267F2509004DFF10 /* model.swift in Sources */ = {isa = PBXBuildFile; fileRef = 805771BF267F2509004DFF10 /* model.swift */; };
		805771C2267F2A23004DFF10 /* MemoListTableViewController.swift in Sources */ = {isa = PBXBuildFile; fileRef = 805771C1267F2A23004DFF10 /* MemoListTableViewController.swift */; };
		805771C4267F4B60004DFF10 /* ComposeViewController.swift in Sources */ = {isa = PBXBuildFile; fileRef = 805771C3267F4B60004DFF10 /* ComposeViewController.swift */; };
/* End PBXBuildFile section */

/* Begin PBXFileReference section */
		802530EE268058ED00007317 /* UIViewController+Alert.swift */ = {isa = PBXFileReference; lastKnownFileType = sourcecode.swift; path = "UIViewController+Alert.swift"; sourceTree = "<group>"; };
		802530F02680690000007317 /* DetailViewController.swift */ = {isa = PBXFileReference; lastKnownFileType = sourcecode.swift; path = DetailViewController.swift; sourceTree = "<group>"; };
		805771A7267F1684004DFF10 /* jmcMemo.app */ = {isa = PBXFileReference; explicitFileType = wrapper.application; includeInIndex = 0; path = jmcMemo.app; sourceTree = BUILT_PRODUCTS_DIR; };
		805771AA267F1684004DFF10 /* AppDelegate.swift */ = {isa = PBXFileReference; lastKnownFileType = sourcecode.swift; path = AppDelegate.swift; sourceTree = "<group>"; };
		805771AC267F1684004DFF10 /* SceneDelegate.swift */ = {isa = PBXFileReference; lastKnownFileType = sourcecode.swift; path = SceneDelegate.swift; sourceTree = "<group>"; };
		805771B1267F1684004DFF10 /* Base */ = {isa = PBXFileReference; lastKnownFileType = file.storyboard; name = Base; path = Base.lproj/Main.storyboard; sourceTree = "<group>"; };
		805771B3267F1685004DFF10 /* Assets.xcassets */ = {isa = PBXFileReference; lastKnownFileType = folder.assetcatalog; path = Assets.xcassets; sourceTree = "<group>"; };
		805771B6267F1685004DFF10 /* Base */ = {isa = PBXFileReference; lastKnownFileType = file.storyboard; name = Base; path = Base.lproj/LaunchScreen.storyboard; sourceTree = "<group>"; };
		805771B8267F1685004DFF10 /* Info.plist */ = {isa = PBXFileReference; lastKnownFileType = text.plist.xml; path = Info.plist; sourceTree = "<group>"; };
		805771BF267F2509004DFF10 /* model.swift */ = {isa = PBXFileReference; lastKnownFileType = sourcecode.swift; path = model.swift; sourceTree = "<group>"; };
		805771C1267F2A23004DFF10 /* MemoListTableViewController.swift */ = {isa = PBXFileReference; lastKnownFileType = sourcecode.swift; path = MemoListTableViewController.swift; sourceTree = "<group>"; };
		805771C3267F4B60004DFF10 /* ComposeViewController.swift */ = {isa = PBXFileReference; lastKnownFileType = sourcecode.swift; path = ComposeViewController.swift; sourceTree = "<group>"; };
/* End PBXFileReference section */

/* Begin PBXFrameworksBuildPhase section */
		805771A4267F1684004DFF10 /* Frameworks */ = {
			isa = PBXFrameworksBuildPhase;
			buildActionMask = 2147483647;
			files = (
			);
			runOnlyForDeploymentPostprocessing = 0;
		};
/* End PBXFrameworksBuildPhase section */

/* Begin PBXGroup section */
		8057719E267F1684004DFF10 = {
			isa = PBXGroup;
			children = (
				805771A9267F1684004DFF10 /* jmcMemo */,
				805771A8267F1684004DFF10 /* Products */,
			);
			sourceTree = "<group>";
		};
		805771A8267F1684004DFF10 /* Products */ = {
			isa = PBXGroup;
			children = (
				805771A7267F1684004DFF10 /* jmcMemo.app */,
			);
			name = Products;
			sourceTree = "<group>";
		};
		805771A9267F1684004DFF10 /* jmcMemo */ = {
			isa = PBXGroup;
			children = (
				805771BE267F24ED004DFF10 /* Model */,
				805771AA267F1684004DFF10 /* AppDelegate.swift */,
				805771AC267F1684004DFF10 /* SceneDelegate.swift */,
				805771B0267F1684004DFF10 /* Main.storyboard */,
				805771B3267F1685004DFF10 /* Assets.xcassets */,
				805771B5267F1685004DFF10 /* LaunchScreen.storyboard */,
				805771B8267F1685004DFF10 /* Info.plist */,
				805771C1267F2A23004DFF10 /* MemoListTableViewController.swift */,
				805771C3267F4B60004DFF10 /* ComposeViewController.swift */,
				802530EE268058ED00007317 /* UIViewController+Alert.swift */,
				802530F02680690000007317 /* DetailViewController.swift */,
			);
			path = jmcMemo;
			sourceTree = "<group>";
		};
		805771BE267F24ED004DFF10 /* Model */ = {
			isa = PBXGroup;
			children = (
				805771BF267F2509004DFF10 /* model.swift */,
			);
			path = Model;
			sourceTree = "<group>";
		};
/* End PBXGroup section */

/* Begin PBXNativeTarget section */
		805771A6267F1684004DFF10 /* jmcMemo */ = {
			isa = PBXNativeTarget;
			buildConfigurationList = 805771BB267F1685004DFF10 /* Build configuration list for PBXNativeTarget "jmcMemo" */;
			buildPhases = (
				805771A3267F1684004DFF10 /* Sources */,
				805771A4267F1684004DFF10 /* Frameworks */,
				805771A5267F1684004DFF10 /* Resources */,
			);
			buildRules = (
			);
			dependencies = (
			);
			name = jmcMemo;
			productName = jmcMemo;
			productReference = 805771A7267F1684004DFF10 /* jmcMemo.app */;
			productType = "com.apple.product-type.application";
		};
/* End PBXNativeTarget section */

/* Begin PBXProject section */
		8057719F267F1684004DFF10 /* Project object */ = {
			isa = PBXProject;
			attributes = {
				LastSwiftUpdateCheck = 1250;
				LastUpgradeCheck = 1250;
				TargetAttributes = {
					805771A6267F1684004DFF10 = {
						CreatedOnToolsVersion = 12.5;
					};
				};
			};
			buildConfigurationList = 805771A2267F1684004DFF10 /* Build configuration list for PBXProject "jmcMemo" */;
			compatibilityVersion = "Xcode 9.3";
			developmentRegion = en;
			hasScannedForEncodings = 0;
			knownRegions = (
				en,
				Base,
			);
			mainGroup = 8057719E267F1684004DFF10;
			productRefGroup = 805771A8267F1684004DFF10 /* Products */;
			projectDirPath = "";
			projectRoot = "";
			targets = (
				805771A6267F1684004DFF10 /* jmcMemo */,
			);
		};
/* End PBXProject section */

/* Begin PBXResourcesBuildPhase section */
		805771A5267F1684004DFF10 /* Resources */ = {
			isa = PBXResourcesBuildPhase;
			buildActionMask = 2147483647;
			files = (
				805771B7267F1685004DFF10 /* LaunchScreen.storyboard in Resources */,
				805771B4267F1685004DFF10 /* Assets.xcassets in Resources */,
				805771B2267F1684004DFF10 /* Main.storyboard in Resources */,
			);
			runOnlyForDeploymentPostprocessing = 0;
		};
/* End PBXResourcesBuildPhase section */

/* Begin PBXSourcesBuildPhase section */
		805771A3267F1684004DFF10 /* Sources */ = {
			isa = PBXSourcesBuildPhase;
			buildActionMask = 2147483647;
			files = (
				805771C4267F4B60004DFF10 /* ComposeViewController.swift in Sources */,
				805771AB267F1684004DFF10 /* AppDelegate.swift in Sources */,
				805771C0267F2509004DFF10 /* model.swift in Sources */,
				802530EF268058ED00007317 /* UIViewController+Alert.swift in Sources */,
				805771AD267F1684004DFF10 /* SceneDelegate.swift in Sources */,
				805771C2267F2A23004DFF10 /* MemoListTableViewController.swift in Sources */,
				802530F12680690000007317 /* DetailViewController.swift in Sources */,
			);
			runOnlyForDeploymentPostprocessing = 0;
		};
/* End PBXSourcesBuildPhase section */

/* Begin PBXVariantGroup section */
		805771B0267F1684004DFF10 /* Main.storyboard */ = {
			isa = PBXVariantGroup;
			children = (
				805771B1267F1684004DFF10 /* Base */,
			);
			name = Main.storyboard;
			sourceTree = "<group>";
		};
		805771B5267F1685004DFF10 /* LaunchScreen.storyboard */ = {
			isa = PBXVariantGroup;
			children = (
				805771B6267F1685004DFF10 /* Base */,
			);
			name = LaunchScreen.storyboard;
			sourceTree = "<group>";
		};
/* End PBXVariantGroup section */

/* Begin XCBuildConfiguration section */
		805771B9267F1685004DFF10 /* Debug */ = {
			isa = XCBuildConfiguration;
			buildSettings = {
				ALWAYS_SEARCH_USER_PATHS = NO;
				CLANG_ANALYZER_NONNULL = YES;
				CLANG_ANALYZER_NUMBER_OBJECT_CONVERSION = YES_AGGRESSIVE;
				CLANG_CXX_LANGUAGE_STANDARD = "gnu++14";
				CLANG_CXX_LIBRARY = "libc++";
				CLANG_ENABLE_MODULES = YES;
				CLANG_ENABLE_OBJC_ARC = YES;
				CLANG_ENABLE_OBJC_WEAK = YES;
				CLANG_WARN_BLOCK_CAPTURE_AUTORELEASING = YES;
				CLANG_WARN_BOOL_CONVERSION = YES;
				CLANG_WARN_COMMA = YES;
				CLANG_WARN_CONSTANT_CONVERSION = YES;
				CLANG_WARN_DEPRECATED_OBJC_IMPLEMENTATIONS = YES;
				CLANG_WARN_DIRECT_OBJC_ISA_USAGE = YES_ERROR;
				CLANG_WARN_DOCUMENTATION_COMMENTS = YES;
				CLANG_WARN_EMPTY_BODY = YES;
				CLANG_WARN_ENUM_CONVERSION = YES;
				CLANG_WARN_INFINITE_RECURSION = YES;
				CLANG_WARN_INT_CONVERSION = YES;
				CLANG_WARN_NON_LITERAL_NULL_CONVERSION = YES;
				CLANG_WARN_OBJC_IMPLICIT_RETAIN_SELF = YES;
				CLANG_WARN_OBJC_LITERAL_CONVERSION = YES;
				CLANG_WARN_OBJC_ROOT_CLASS = YES_ERROR;
				CLANG_WARN_QUOTED_INCLUDE_IN_FRAMEWORK_HEADER = YES;
				CLANG_WARN_RANGE_LOOP_ANALYSIS = YES;
				CLANG_WARN_STRICT_PROTOTYPES = YES;
				CLANG_WARN_SUSPICIOUS_MOVE = YES;
				CLANG_WARN_UNGUARDED_AVAILABILITY = YES_AGGRESSIVE;
				CLANG_WARN_UNREACHABLE_CODE = YES;
				CLANG_WARN__DUPLICATE_METHOD_MATCH = YES;
				COPY_PHASE_STRIP = NO;
				DEBUG_INFORMATION_FORMAT = dwarf;
				ENABLE_STRICT_OBJC_MSGSEND = YES;
				ENABLE_TESTABILITY = YES;
				GCC_C_LANGUAGE_STANDARD = gnu11;
				GCC_DYNAMIC_NO_PIC = NO;
				GCC_NO_COMMON_BLOCKS = YES;
				GCC_OPTIMIZATION_LEVEL = 0;
				GCC_PREPROCESSOR_DEFINITIONS = (
					"DEBUG=1",
					"$(inherited)",
				);
				GCC_WARN_64_TO_32_BIT_CONVERSION = YES;
				GCC_WARN_ABOUT_RETURN_TYPE = YES_ERROR;
				GCC_WARN_UNDECLARED_SELECTOR = YES;
				GCC_WARN_UNINITIALIZED_AUTOS = YES_AGGRESSIVE;
				GCC_WARN_UNUSED_FUNCTION = YES;
				GCC_WARN_UNUSED_VARIABLE = YES;
				IPHONEOS_DEPLOYMENT_TARGET = 14.5;
				MTL_ENABLE_DEBUG_INFO = INCLUDE_SOURCE;
				MTL_FAST_MATH = YES;
				ONLY_ACTIVE_ARCH = YES;
				SDKROOT = iphoneos;
				SWIFT_ACTIVE_COMPILATION_CONDITIONS = DEBUG;
				SWIFT_OPTIMIZATION_LEVEL = "-Onone";
			};
			name = Debug;
		};
		805771BA267F1685004DFF10 /* Release */ = {
			isa = XCBuildConfiguration;
			buildSettings = {
				ALWAYS_SEARCH_USER_PATHS = NO;
				CLANG_ANALYZER_NONNULL = YES;
				CLANG_ANALYZER_NUMBER_OBJECT_CONVERSION = YES_AGGRESSIVE;
				CLANG_CXX_LANGUAGE_STANDARD = "gnu++14";
				CLANG_CXX_LIBRARY = "libc++";
				CLANG_ENABLE_MODULES = YES;
				CLANG_ENABLE_OBJC_ARC = YES;
				CLANG_ENABLE_OBJC_WEAK = YES;
				CLANG_WARN_BLOCK_CAPTURE_AUTORELEASING = YES;
				CLANG_WARN_BOOL_CONVERSION = YES;
				CLANG_WARN_COMMA = YES;
				CLANG_WARN_CONSTANT_CONVERSION = YES;
				CLANG_WARN_DEPRECATED_OBJC_IMPLEMENTATIONS = YES;
				CLANG_WARN_DIRECT_OBJC_ISA_USAGE = YES_ERROR;
				CLANG_WARN_DOCUMENTATION_COMMENTS = YES;
				CLANG_WARN_EMPTY_BODY = YES;
				CLANG_WARN_ENUM_CONVERSION = YES;
				CLANG_WARN_INFINITE_RECURSION = YES;
				CLANG_WARN_INT_CONVERSION = YES;
				CLANG_WARN_NON_LITERAL_NULL_CONVERSION = YES;
				CLANG_WARN_OBJC_IMPLICIT_RETAIN_SELF = YES;
				CLANG_WARN_OBJC_LITERAL_CONVERSION = YES;
				CLANG_WARN_OBJC_ROOT_CLASS = YES_ERROR;
				CLANG_WARN_QUOTED_INCLUDE_IN_FRAMEWORK_HEADER = YES;
				CLANG_WARN_RANGE_LOOP_ANALYSIS = YES;
				CLANG_WARN_STRICT_PROTOTYPES = YES;
				CLANG_WARN_SUSPICIOUS_MOVE = YES;
				CLANG_WARN_UNGUARDED_AVAILABILITY = YES_AGGRESSIVE;
				CLANG_WARN_UNREACHABLE_CODE = YES;
				CLANG_WARN__DUPLICATE_METHOD_MATCH = YES;
				COPY_PHASE_STRIP = NO;
				DEBUG_INFORMATION_FORMAT = "dwarf-with-dsym";
				ENABLE_NS_ASSERTIONS = NO;
				ENABLE_STRICT_OBJC_MSGSEND = YES;
				GCC_C_LANGUAGE_STANDARD = gnu11;
				GCC_NO_COMMON_BLOCKS = YES;
				GCC_WARN_64_TO_32_BIT_CONVERSION = YES;
				GCC_WARN_ABOUT_RETURN_TYPE = YES_ERROR;
				GCC_WARN_UNDECLARED_SELECTOR = YES;
				GCC_WARN_UNINITIALIZED_AUTOS = YES_AGGRESSIVE;
				GCC_WARN_UNUSED_FUNCTION = YES;
				GCC_WARN_UNUSED_VARIABLE = YES;
				IPHONEOS_DEPLOYMENT_TARGET = 14.5;
				MTL_ENABLE_DEBUG_INFO = NO;
				MTL_FAST_MATH = YES;
				SDKROOT = iphoneos;
				SWIFT_COMPILATION_MODE = wholemodule;
				SWIFT_OPTIMIZATION_LEVEL = "-O";
				VALIDATE_PRODUCT = YES;
			};
			name = Release;
		};
		805771BC267F1685004DFF10 /* Debug */ = {
			isa = XCBuildConfiguration;
			buildSettings = {
				ASSETCATALOG_COMPILER_APPICON_NAME = AppIcon;
				ASSETCATALOG_COMPILER_GLOBAL_ACCENT_COLOR_NAME = AccentColor;
				CODE_SIGN_STYLE = Automatic;
				DEVELOPMENT_TEAM = 595WW6GTNA;
				INFOPLIST_FILE = jmcMemo/Info.plist;
				IPHONEOS_DEPLOYMENT_TARGET = 13.0;
				LD_RUNPATH_SEARCH_PATHS = (
					"$(inherited)",
					"@executable_path/Frameworks",
				);
				PRODUCT_BUNDLE_IDENTIFIER = com.jmcmemo.jmcMemo;
				PRODUCT_NAME = "$(TARGET_NAME)";
				SWIFT_VERSION = 5.0;
				TARGETED_DEVICE_FAMILY = "1,2";
			};
			name = Debug;
		};
		805771BD267F1685004DFF10 /* Release */ = {
			isa = XCBuildConfiguration;
			buildSettings = {
				ASSETCATALOG_COMPILER_APPICON_NAME = AppIcon;
				ASSETCATALOG_COMPILER_GLOBAL_ACCENT_COLOR_NAME = AccentColor;
				CODE_SIGN_STYLE = Automatic;
				DEVELOPMENT_TEAM = 595WW6GTNA;
				INFOPLIST_FILE = jmcMemo/Info.plist;
				IPHONEOS_DEPLOYMENT_TARGET = 13.0;
				LD_RUNPATH_SEARCH_PATHS = (
					"$(inherited)",
					"@executable_path/Frameworks",
				);
				PRODUCT_BUNDLE_IDENTIFIER = com.jmcmemo.jmcMemo;
				PRODUCT_NAME = "$(TARGET_NAME)";
				SWIFT_VERSION = 5.0;
				TARGETED_DEVICE_FAMILY = "1,2";
			};
			name = Release;
		};
/* End XCBuildConfiguration section */

/* Begin XCConfigurationList section */
		805771A2267F1684004DFF10 /* Build configuration list for PBXProject "jmcMemo" */ = {
			isa = XCConfigurationList;
			buildConfigurations = (
				805771B9267F1685004DFF10 /* Debug */,
				805771BA267F1685004DFF10 /* Release */,
			);
			defaultConfigurationIsVisible = 0;
			defaultConfigurationName = Release;
		};
		805771BB267F1685004DFF10 /* Build configuration list for PBXNativeTarget "jmcMemo" */ = {
			isa = XCConfigurationList;
			buildConfigurations = (
				805771BC267F1685004DFF10 /* Debug */,
				805771BD267F1685004DFF10 /* Release */,
			);
			defaultConfigurationIsVisible = 0;
			defaultConfigurationName = Release;
		};
/* End XCConfigurationList section */
	};
	rootObject = 8057719F267F1684004DFF10 /* Project object */;
}
